// !$*UTF8*$!
{
	archiveVersion = 1;
	classes = {
	};
	objectVersion = 51;
	objects = {

/* Begin PBXBuildFile section */
		27C51CA57D4F9EA72FC10B42 /* Pods_iOS_Challenge_iOS_ChallengeUITests.framework in Frameworks */ = {isa = PBXBuildFile; fileRef = 8AC30C1A717ED60DFC3AE3B8 /* Pods_iOS_Challenge_iOS_ChallengeUITests.framework */; };
		608D18DF23E091DB00BFE7C7 /* AppDelegate.swift in Sources */ = {isa = PBXBuildFile; fileRef = 608D18DE23E091DB00BFE7C7 /* AppDelegate.swift */; };
		608D18E623E091DB00BFE7C7 /* Main.storyboard in Resources */ = {isa = PBXBuildFile; fileRef = 608D18E423E091DB00BFE7C7 /* Main.storyboard */; };
		608D18E823E091DC00BFE7C7 /* Assets.xcassets in Resources */ = {isa = PBXBuildFile; fileRef = 608D18E723E091DC00BFE7C7 /* Assets.xcassets */; };
		608D18EB23E091DC00BFE7C7 /* LaunchScreen.storyboard in Resources */ = {isa = PBXBuildFile; fileRef = 608D18E923E091DC00BFE7C7 /* LaunchScreen.storyboard */; };
		608D18F623E091DC00BFE7C7 /* iOS_ChallengeTests.swift in Sources */ = {isa = PBXBuildFile; fileRef = 608D18F523E091DC00BFE7C7 /* iOS_ChallengeTests.swift */; };
		608D190123E091DC00BFE7C7 /* iOS_ChallengeUITests.swift in Sources */ = {isa = PBXBuildFile; fileRef = 608D190023E091DC00BFE7C7 /* iOS_ChallengeUITests.swift */; };
		60F3961E23E997E400AA2913 /* AccessTokenResponse.swift in Sources */ = {isa = PBXBuildFile; fileRef = 60F3961D23E997E400AA2913 /* AccessTokenResponse.swift */; };
		61CE16F93507B0F950BD0FE5 /* Pods_iOS_ChallengeTests.framework in Frameworks */ = {isa = PBXBuildFile; fileRef = A8DE82178DD6DCD184E7AD45 /* Pods_iOS_ChallengeTests.framework */; };
		870357D42487725D00005070 /* KeychainAPI.swift in Sources */ = {isa = PBXBuildFile; fileRef = 870357D32487725D00005070 /* KeychainAPI.swift */; };
		870357D9248789C100005070 /* Coordinator.swift in Sources */ = {isa = PBXBuildFile; fileRef = 870357D8248789C100005070 /* Coordinator.swift */; };
		870357DB248789EC00005070 /* MainCoordinator.swift in Sources */ = {isa = PBXBuildFile; fileRef = 870357DA248789EC00005070 /* MainCoordinator.swift */; };
		870357DD24878A7000005070 /* Storyboarded.swift in Sources */ = {isa = PBXBuildFile; fileRef = 870357DC24878A7000005070 /* Storyboarded.swift */; };
		870357DF2487A19C00005070 /* String+GithubURL.swift in Sources */ = {isa = PBXBuildFile; fileRef = 870357DE2487A19C00005070 /* String+GithubURL.swift */; };
		870357E32487CE8500005070 /* URL+queryParameters.swift in Sources */ = {isa = PBXBuildFile; fileRef = 870357E22487CE8500005070 /* URL+queryParameters.swift */; };
		870357E52487D08A00005070 /* ServerError.swift in Sources */ = {isa = PBXBuildFile; fileRef = 870357E42487D08A00005070 /* ServerError.swift */; };
		870357E72487D23400005070 /* Toast.swift in Sources */ = {isa = PBXBuildFile; fileRef = 870357E62487D23400005070 /* Toast.swift */; };
		870357E92487FEB600005070 /* User.swift in Sources */ = {isa = PBXBuildFile; fileRef = 870357E82487FEB600005070 /* User.swift */; };
		870357ED2488053D00005070 /* UserController.swift in Sources */ = {isa = PBXBuildFile; fileRef = 870357EC2488053D00005070 /* UserController.swift */; };
		870D8A58248809530028E806 /* UserView.swift in Sources */ = {isa = PBXBuildFile; fileRef = 870D8A57248809530028E806 /* UserView.swift */; };
		870F4B27248AD03300425335 /* UINavigationController+isRecentlyLoggedIn.swift in Sources */ = {isa = PBXBuildFile; fileRef = 870F4B26248AD03300425335 /* UINavigationController+isRecentlyLoggedIn.swift */; };
		87437F8C2488D87A00733C20 /* RepoTableviewCell.swift in Sources */ = {isa = PBXBuildFile; fileRef = 87437F8B2488D87A00733C20 /* RepoTableviewCell.swift */; };
		874FA5C8248963A9002F96A9 /* String+commitsURLPath.swift in Sources */ = {isa = PBXBuildFile; fileRef = 874FA5C7248963A9002F96A9 /* String+commitsURLPath.swift */; };
		874FA5CA2489652D002F96A9 /* CommitsController.swift in Sources */ = {isa = PBXBuildFile; fileRef = 874FA5C92489652D002F96A9 /* CommitsController.swift */; };
		874FA5CC2489653C002F96A9 /* CommitsView.swift in Sources */ = {isa = PBXBuildFile; fileRef = 874FA5CB2489653C002F96A9 /* CommitsView.swift */; };
		875FC09B24893BC2009B2FE1 /* GitRepo.swift in Sources */ = {isa = PBXBuildFile; fileRef = 875FC09A24893BC2009B2FE1 /* GitRepo.swift */; };
		875FC09E24893DAB009B2FE1 /* ReposViewModel.swift in Sources */ = {isa = PBXBuildFile; fileRef = 875FC09D24893DAB009B2FE1 /* ReposViewModel.swift */; };
		876E6E1B248A0DD60098FCFC /* GitRepo.json in Resources */ = {isa = PBXBuildFile; fileRef = 876E6E1A248A0DD60098FCFC /* GitRepo.json */; };
		876E6E1E248A197E0098FCFC /* CommitsTableViewDataSource.swift in Sources */ = {isa = PBXBuildFile; fileRef = 876E6E1D248A197E0098FCFC /* CommitsTableViewDataSource.swift */; };
		876E6E20248A1DF70098FCFC /* Commits.json in Resources */ = {isa = PBXBuildFile; fileRef = 876E6E1F248A1DF70098FCFC /* Commits.json */; };
		876E6E24248A24750098FCFC /* CommitsDataSourceTest.swift in Sources */ = {isa = PBXBuildFile; fileRef = 876E6E23248A24750098FCFC /* CommitsDataSourceTest.swift */; };
		876F21722488CD1400AD7180 /* UIImageview+round.swift in Sources */ = {isa = PBXBuildFile; fileRef = 876F21712488CD1400AD7180 /* UIImageview+round.swift */; };
		876F21742488D0B600AD7180 /* SearchController.swift in Sources */ = {isa = PBXBuildFile; fileRef = 876F21732488D0B600AD7180 /* SearchController.swift */; };
		876F21762488D1AB00AD7180 /* SearchView.swift in Sources */ = {isa = PBXBuildFile; fileRef = 876F21752488D1AB00AD7180 /* SearchView.swift */; };
		878D4E03248A8BBB003C4302 /* Typealias.swift in Sources */ = {isa = PBXBuildFile; fileRef = 878D4E02248A8BBB003C4302 /* Typealias.swift */; };
		878D4E05248A8C48003C4302 /* RepoViewModel.swift in Sources */ = {isa = PBXBuildFile; fileRef = 878D4E04248A8C48003C4302 /* RepoViewModel.swift */; };
		878D4E07248AC37A003C4302 /* Secrets.plist in Resources */ = {isa = PBXBuildFile; fileRef = 878D4E06248AC37A003C4302 /* Secrets.plist */; };
		878D4E09248AC91D003C4302 /* Secrets.swift in Sources */ = {isa = PBXBuildFile; fileRef = 878D4E08248AC91D003C4302 /* Secrets.swift */; };
		87B95C8A248698A30053C5C9 /* LoginController.swift in Sources */ = {isa = PBXBuildFile; fileRef = 87B95C89248698A30053C5C9 /* LoginController.swift */; };
		87BC1D3C2487692900AA8760 /* GithubService.swift in Sources */ = {isa = PBXBuildFile; fileRef = 87BC1D3B2487692900AA8760 /* GithubService.swift */; };
		87E903D82489782B0044DFEE /* Commit.swift in Sources */ = {isa = PBXBuildFile; fileRef = 87E903D72489782B0044DFEE /* Commit.swift */; };
		BD553381D66687D8201C1137 /* Pods_iOS_Challenge.framework in Frameworks */ = {isa = PBXBuildFile; fileRef = 82816289C9E45F0FEED24B3B /* Pods_iOS_Challenge.framework */; };
/* End PBXBuildFile section */

/* Begin PBXContainerItemProxy section */
		608D18F223E091DC00BFE7C7 /* PBXContainerItemProxy */ = {
			isa = PBXContainerItemProxy;
			containerPortal = 608D18D323E091DB00BFE7C7 /* Project object */;
			proxyType = 1;
			remoteGlobalIDString = 608D18DA23E091DB00BFE7C7;
			remoteInfo = "iOS-Challenge";
		};
		608D18FD23E091DC00BFE7C7 /* PBXContainerItemProxy */ = {
			isa = PBXContainerItemProxy;
			containerPortal = 608D18D323E091DB00BFE7C7 /* Project object */;
			proxyType = 1;
			remoteGlobalIDString = 608D18DA23E091DB00BFE7C7;
			remoteInfo = "iOS-Challenge";
		};
/* End PBXContainerItemProxy section */

/* Begin PBXFileReference section */
		18F8854AA95F36A189E9ACF4 /* Pods-iOS-Challenge.release.xcconfig */ = {isa = PBXFileReference; includeInIndex = 1; lastKnownFileType = text.xcconfig; name = "Pods-iOS-Challenge.release.xcconfig"; path = "Target Support Files/Pods-iOS-Challenge/Pods-iOS-Challenge.release.xcconfig"; sourceTree = "<group>"; };
		29229A998F2288534FFDBA3C /* Pods-iOS-Challenge-iOS-ChallengeUITests.release.xcconfig */ = {isa = PBXFileReference; includeInIndex = 1; lastKnownFileType = text.xcconfig; name = "Pods-iOS-Challenge-iOS-ChallengeUITests.release.xcconfig"; path = "Target Support Files/Pods-iOS-Challenge-iOS-ChallengeUITests/Pods-iOS-Challenge-iOS-ChallengeUITests.release.xcconfig"; sourceTree = "<group>"; };
		32640477A986B4ACA98E6531 /* Pods-iOS-Challenge.debug.xcconfig */ = {isa = PBXFileReference; includeInIndex = 1; lastKnownFileType = text.xcconfig; name = "Pods-iOS-Challenge.debug.xcconfig"; path = "Target Support Files/Pods-iOS-Challenge/Pods-iOS-Challenge.debug.xcconfig"; sourceTree = "<group>"; };
		608D18DB23E091DB00BFE7C7 /* iOS-Challenge.app */ = {isa = PBXFileReference; explicitFileType = wrapper.application; includeInIndex = 0; path = "iOS-Challenge.app"; sourceTree = BUILT_PRODUCTS_DIR; };
		608D18DE23E091DB00BFE7C7 /* AppDelegate.swift */ = {isa = PBXFileReference; lastKnownFileType = sourcecode.swift; path = AppDelegate.swift; sourceTree = "<group>"; };
		608D18E523E091DB00BFE7C7 /* Base */ = {isa = PBXFileReference; lastKnownFileType = file.storyboard; name = Base; path = Base.lproj/Main.storyboard; sourceTree = "<group>"; };
		608D18E723E091DC00BFE7C7 /* Assets.xcassets */ = {isa = PBXFileReference; lastKnownFileType = folder.assetcatalog; path = Assets.xcassets; sourceTree = "<group>"; };
		608D18EA23E091DC00BFE7C7 /* Base */ = {isa = PBXFileReference; lastKnownFileType = file.storyboard; name = Base; path = Base.lproj/LaunchScreen.storyboard; sourceTree = "<group>"; };
		608D18EC23E091DC00BFE7C7 /* Info.plist */ = {isa = PBXFileReference; lastKnownFileType = text.plist.xml; path = Info.plist; sourceTree = "<group>"; };
		608D18F123E091DC00BFE7C7 /* iOS-ChallengeTests.xctest */ = {isa = PBXFileReference; explicitFileType = wrapper.cfbundle; includeInIndex = 0; path = "iOS-ChallengeTests.xctest"; sourceTree = BUILT_PRODUCTS_DIR; };
		608D18F523E091DC00BFE7C7 /* iOS_ChallengeTests.swift */ = {isa = PBXFileReference; lastKnownFileType = sourcecode.swift; path = iOS_ChallengeTests.swift; sourceTree = "<group>"; };
		608D18F723E091DC00BFE7C7 /* Info.plist */ = {isa = PBXFileReference; lastKnownFileType = text.plist.xml; path = Info.plist; sourceTree = "<group>"; };
		608D18FC23E091DC00BFE7C7 /* iOS-ChallengeUITests.xctest */ = {isa = PBXFileReference; explicitFileType = wrapper.cfbundle; includeInIndex = 0; path = "iOS-ChallengeUITests.xctest"; sourceTree = BUILT_PRODUCTS_DIR; };
		608D190023E091DC00BFE7C7 /* iOS_ChallengeUITests.swift */ = {isa = PBXFileReference; lastKnownFileType = sourcecode.swift; path = iOS_ChallengeUITests.swift; sourceTree = "<group>"; };
		608D190223E091DC00BFE7C7 /* Info.plist */ = {isa = PBXFileReference; lastKnownFileType = text.plist.xml; path = Info.plist; sourceTree = "<group>"; };
		60F3961D23E997E400AA2913 /* AccessTokenResponse.swift */ = {isa = PBXFileReference; lastKnownFileType = sourcecode.swift; path = AccessTokenResponse.swift; sourceTree = "<group>"; };
		82816289C9E45F0FEED24B3B /* Pods_iOS_Challenge.framework */ = {isa = PBXFileReference; explicitFileType = wrapper.framework; includeInIndex = 0; path = Pods_iOS_Challenge.framework; sourceTree = BUILT_PRODUCTS_DIR; };
		870357D32487725D00005070 /* KeychainAPI.swift */ = {isa = PBXFileReference; lastKnownFileType = sourcecode.swift; path = KeychainAPI.swift; sourceTree = "<group>"; };
		870357D8248789C100005070 /* Coordinator.swift */ = {isa = PBXFileReference; lastKnownFileType = sourcecode.swift; path = Coordinator.swift; sourceTree = "<group>"; };
		870357DA248789EC00005070 /* MainCoordinator.swift */ = {isa = PBXFileReference; lastKnownFileType = sourcecode.swift; path = MainCoordinator.swift; sourceTree = "<group>"; };
		870357DC24878A7000005070 /* Storyboarded.swift */ = {isa = PBXFileReference; lastKnownFileType = sourcecode.swift; path = Storyboarded.swift; sourceTree = "<group>"; };
		870357DE2487A19C00005070 /* String+GithubURL.swift */ = {isa = PBXFileReference; lastKnownFileType = sourcecode.swift; path = "String+GithubURL.swift"; sourceTree = "<group>"; };
		870357E22487CE8500005070 /* URL+queryParameters.swift */ = {isa = PBXFileReference; lastKnownFileType = sourcecode.swift; path = "URL+queryParameters.swift"; sourceTree = "<group>"; };
		870357E42487D08A00005070 /* ServerError.swift */ = {isa = PBXFileReference; lastKnownFileType = sourcecode.swift; path = ServerError.swift; sourceTree = "<group>"; };
		870357E62487D23400005070 /* Toast.swift */ = {isa = PBXFileReference; lastKnownFileType = sourcecode.swift; path = Toast.swift; sourceTree = "<group>"; };
		870357E82487FEB600005070 /* User.swift */ = {isa = PBXFileReference; lastKnownFileType = sourcecode.swift; path = User.swift; sourceTree = "<group>"; };
		870357EC2488053D00005070 /* UserController.swift */ = {isa = PBXFileReference; fileEncoding = 4; lastKnownFileType = sourcecode.swift; path = UserController.swift; sourceTree = "<group>"; };
		870D8A57248809530028E806 /* UserView.swift */ = {isa = PBXFileReference; lastKnownFileType = sourcecode.swift; path = UserView.swift; sourceTree = "<group>"; };
		870F4B26248AD03300425335 /* UINavigationController+isRecentlyLoggedIn.swift */ = {isa = PBXFileReference; lastKnownFileType = sourcecode.swift; path = "UINavigationController+isRecentlyLoggedIn.swift"; sourceTree = "<group>"; };
		87437F8B2488D87A00733C20 /* RepoTableviewCell.swift */ = {isa = PBXFileReference; lastKnownFileType = sourcecode.swift; path = RepoTableviewCell.swift; sourceTree = "<group>"; };
		874FA5C7248963A9002F96A9 /* String+commitsURLPath.swift */ = {isa = PBXFileReference; lastKnownFileType = sourcecode.swift; path = "String+commitsURLPath.swift"; sourceTree = "<group>"; };
		874FA5C92489652D002F96A9 /* CommitsController.swift */ = {isa = PBXFileReference; lastKnownFileType = sourcecode.swift; path = CommitsController.swift; sourceTree = "<group>"; };
		874FA5CB2489653C002F96A9 /* CommitsView.swift */ = {isa = PBXFileReference; lastKnownFileType = sourcecode.swift; name = CommitsView.swift; path = "iOS-Challenge/View/CommitsView.swift"; sourceTree = SOURCE_ROOT; };
		875FC09A24893BC2009B2FE1 /* GitRepo.swift */ = {isa = PBXFileReference; lastKnownFileType = sourcecode.swift; path = GitRepo.swift; sourceTree = "<group>"; };
		875FC09D24893DAB009B2FE1 /* ReposViewModel.swift */ = {isa = PBXFileReference; lastKnownFileType = sourcecode.swift; path = ReposViewModel.swift; sourceTree = "<group>"; };
		876E6E1A248A0DD60098FCFC /* GitRepo.json */ = {isa = PBXFileReference; fileEncoding = 4; lastKnownFileType = text.json; path = GitRepo.json; sourceTree = "<group>"; };
		876E6E1D248A197E0098FCFC /* CommitsTableViewDataSource.swift */ = {isa = PBXFileReference; lastKnownFileType = sourcecode.swift; path = CommitsTableViewDataSource.swift; sourceTree = "<group>"; };
		876E6E1F248A1DF70098FCFC /* Commits.json */ = {isa = PBXFileReference; fileEncoding = 4; lastKnownFileType = text.json; path = Commits.json; sourceTree = "<group>"; };
		876E6E23248A24750098FCFC /* CommitsDataSourceTest.swift */ = {isa = PBXFileReference; lastKnownFileType = sourcecode.swift; path = CommitsDataSourceTest.swift; sourceTree = "<group>"; };
		876F21712488CD1400AD7180 /* UIImageview+round.swift */ = {isa = PBXFileReference; lastKnownFileType = sourcecode.swift; path = "UIImageview+round.swift"; sourceTree = "<group>"; };
		876F21732488D0B600AD7180 /* SearchController.swift */ = {isa = PBXFileReference; lastKnownFileType = sourcecode.swift; path = SearchController.swift; sourceTree = "<group>"; };
		876F21752488D1AB00AD7180 /* SearchView.swift */ = {isa = PBXFileReference; lastKnownFileType = sourcecode.swift; path = SearchView.swift; sourceTree = "<group>"; };
		878D4E02248A8BBB003C4302 /* Typealias.swift */ = {isa = PBXFileReference; lastKnownFileType = sourcecode.swift; path = Typealias.swift; sourceTree = "<group>"; };
		878D4E04248A8C48003C4302 /* RepoViewModel.swift */ = {isa = PBXFileReference; lastKnownFileType = sourcecode.swift; path = RepoViewModel.swift; sourceTree = "<group>"; };
		878D4E06248AC37A003C4302 /* Secrets.plist */ = {isa = PBXFileReference; lastKnownFileType = text.plist; name = Secrets.plist; path = "iOS-Challenge/Resources/Secrets.plist"; sourceTree = SOURCE_ROOT; };
		878D4E08248AC91D003C4302 /* Secrets.swift */ = {isa = PBXFileReference; lastKnownFileType = sourcecode.swift; path = Secrets.swift; sourceTree = "<group>"; };
		87B95C89248698A30053C5C9 /* LoginController.swift */ = {isa = PBXFileReference; lastKnownFileType = sourcecode.swift; name = LoginController.swift; path = "iOS-Challenge/Controller/LoginController.swift"; sourceTree = SOURCE_ROOT; };
		87BC1D3B2487692900AA8760 /* GithubService.swift */ = {isa = PBXFileReference; lastKnownFileType = sourcecode.swift; path = GithubService.swift; sourceTree = "<group>"; };
		87E903D72489782B0044DFEE /* Commit.swift */ = {isa = PBXFileReference; lastKnownFileType = sourcecode.swift; name = Commit.swift; path = "iOS-Challenge/Model/Commit.swift"; sourceTree = SOURCE_ROOT; };
		8AC30C1A717ED60DFC3AE3B8 /* Pods_iOS_Challenge_iOS_ChallengeUITests.framework */ = {isa = PBXFileReference; explicitFileType = wrapper.framework; includeInIndex = 0; path = Pods_iOS_Challenge_iOS_ChallengeUITests.framework; sourceTree = BUILT_PRODUCTS_DIR; };
		9D4D8E26B5FD8BCE799FD257 /* Pods-iOS-ChallengeTests.release.xcconfig */ = {isa = PBXFileReference; includeInIndex = 1; lastKnownFileType = text.xcconfig; name = "Pods-iOS-ChallengeTests.release.xcconfig"; path = "Target Support Files/Pods-iOS-ChallengeTests/Pods-iOS-ChallengeTests.release.xcconfig"; sourceTree = "<group>"; };
		A20ECCE10E62D1B3C8C3F4FC /* Pods-iOS-ChallengeTests.debug.xcconfig */ = {isa = PBXFileReference; includeInIndex = 1; lastKnownFileType = text.xcconfig; name = "Pods-iOS-ChallengeTests.debug.xcconfig"; path = "Target Support Files/Pods-iOS-ChallengeTests/Pods-iOS-ChallengeTests.debug.xcconfig"; sourceTree = "<group>"; };
		A88C0E1BE5DD61B06165EC32 /* Pods-iOS-Challenge-iOS-ChallengeUITests.debug.xcconfig */ = {isa = PBXFileReference; includeInIndex = 1; lastKnownFileType = text.xcconfig; name = "Pods-iOS-Challenge-iOS-ChallengeUITests.debug.xcconfig"; path = "Target Support Files/Pods-iOS-Challenge-iOS-ChallengeUITests/Pods-iOS-Challenge-iOS-ChallengeUITests.debug.xcconfig"; sourceTree = "<group>"; };
		A8DE82178DD6DCD184E7AD45 /* Pods_iOS_ChallengeTests.framework */ = {isa = PBXFileReference; explicitFileType = wrapper.framework; includeInIndex = 0; path = Pods_iOS_ChallengeTests.framework; sourceTree = BUILT_PRODUCTS_DIR; };
/* End PBXFileReference section */

/* Begin PBXFrameworksBuildPhase section */
		608D18D823E091DB00BFE7C7 /* Frameworks */ = {
			isa = PBXFrameworksBuildPhase;
			buildActionMask = 2147483647;
			files = (
				BD553381D66687D8201C1137 /* Pods_iOS_Challenge.framework in Frameworks */,
			);
			runOnlyForDeploymentPostprocessing = 0;
		};
		608D18EE23E091DC00BFE7C7 /* Frameworks */ = {
			isa = PBXFrameworksBuildPhase;
			buildActionMask = 2147483647;
			files = (
				61CE16F93507B0F950BD0FE5 /* Pods_iOS_ChallengeTests.framework in Frameworks */,
			);
			runOnlyForDeploymentPostprocessing = 0;
		};
		608D18F923E091DC00BFE7C7 /* Frameworks */ = {
			isa = PBXFrameworksBuildPhase;
			buildActionMask = 2147483647;
			files = (
				27C51CA57D4F9EA72FC10B42 /* Pods_iOS_Challenge_iOS_ChallengeUITests.framework in Frameworks */,
			);
			runOnlyForDeploymentPostprocessing = 0;
		};
/* End PBXFrameworksBuildPhase section */

/* Begin PBXGroup section */
		20C00BD18EC1F4ABBE0A79EB /* Pods */ = {
			isa = PBXGroup;
			children = (
				32640477A986B4ACA98E6531 /* Pods-iOS-Challenge.debug.xcconfig */,
				18F8854AA95F36A189E9ACF4 /* Pods-iOS-Challenge.release.xcconfig */,
				A88C0E1BE5DD61B06165EC32 /* Pods-iOS-Challenge-iOS-ChallengeUITests.debug.xcconfig */,
				29229A998F2288534FFDBA3C /* Pods-iOS-Challenge-iOS-ChallengeUITests.release.xcconfig */,
				A20ECCE10E62D1B3C8C3F4FC /* Pods-iOS-ChallengeTests.debug.xcconfig */,
				9D4D8E26B5FD8BCE799FD257 /* Pods-iOS-ChallengeTests.release.xcconfig */,
			);
			path = Pods;
			sourceTree = "<group>";
		};
		608D18D223E091DB00BFE7C7 = {
			isa = PBXGroup;
			children = (
				608D18DD23E091DB00BFE7C7 /* iOS-Challenge */,
				608D18F423E091DC00BFE7C7 /* iOS-ChallengeTests */,
				608D18FF23E091DC00BFE7C7 /* iOS-ChallengeUITests */,
				608D18DC23E091DB00BFE7C7 /* Products */,
				20C00BD18EC1F4ABBE0A79EB /* Pods */,
				779621CA1CAB421A3C23C0C3 /* Frameworks */,
			);
			sourceTree = "<group>";
		};
		608D18DC23E091DB00BFE7C7 /* Products */ = {
			isa = PBXGroup;
			children = (
				608D18DB23E091DB00BFE7C7 /* iOS-Challenge.app */,
				608D18F123E091DC00BFE7C7 /* iOS-ChallengeTests.xctest */,
				608D18FC23E091DC00BFE7C7 /* iOS-ChallengeUITests.xctest */,
			);
			name = Products;
			sourceTree = "<group>";
		};
		608D18DD23E091DB00BFE7C7 /* iOS-Challenge */ = {
			isa = PBXGroup;
			children = (
				870357D7248789B200005070 /* Coordinator */,
				87BC1D3A248768F300AA8760 /* Network */,
				87063755248676DC00D2EBF2 /* Controller */,
				87063754248676D300D2EBF2 /* View */,
				875FC09C24893D68009B2FE1 /* ViewModel */,
				87063753248676C900D2EBF2 /* Model */,
				87063752248676B300D2EBF2 /* Extensions */,
				87063756248676EE00D2EBF2 /* Resources */,
				870357D22487724B00005070 /* Helper */,
				608D18DE23E091DB00BFE7C7 /* AppDelegate.swift */,
			);
			path = "iOS-Challenge";
			sourceTree = "<group>";
		};
		608D18F423E091DC00BFE7C7 /* iOS-ChallengeTests */ = {
			isa = PBXGroup;
			children = (
				876E6E23248A24750098FCFC /* CommitsDataSourceTest.swift */,
				608D18F523E091DC00BFE7C7 /* iOS_ChallengeTests.swift */,
				608D18F723E091DC00BFE7C7 /* Info.plist */,
			);
			path = "iOS-ChallengeTests";
			sourceTree = "<group>";
		};
		608D18FF23E091DC00BFE7C7 /* iOS-ChallengeUITests */ = {
			isa = PBXGroup;
			children = (
				608D190023E091DC00BFE7C7 /* iOS_ChallengeUITests.swift */,
				608D190223E091DC00BFE7C7 /* Info.plist */,
			);
			path = "iOS-ChallengeUITests";
			sourceTree = "<group>";
		};
		779621CA1CAB421A3C23C0C3 /* Frameworks */ = {
			isa = PBXGroup;
			children = (
				82816289C9E45F0FEED24B3B /* Pods_iOS_Challenge.framework */,
				8AC30C1A717ED60DFC3AE3B8 /* Pods_iOS_Challenge_iOS_ChallengeUITests.framework */,
				A8DE82178DD6DCD184E7AD45 /* Pods_iOS_ChallengeTests.framework */,
			);
			name = Frameworks;
			sourceTree = "<group>";
		};
		870357D22487724B00005070 /* Helper */ = {
			isa = PBXGroup;
			children = (
				870357E62487D23400005070 /* Toast.swift */,
				870357D32487725D00005070 /* KeychainAPI.swift */,
				870357DC24878A7000005070 /* Storyboarded.swift */,
				878D4E02248A8BBB003C4302 /* Typealias.swift */,
			);
			path = Helper;
			sourceTree = "<group>";
		};
		870357D7248789B200005070 /* Coordinator */ = {
			isa = PBXGroup;
			children = (
				870357D8248789C100005070 /* Coordinator.swift */,
				870357DA248789EC00005070 /* MainCoordinator.swift */,
			);
			path = Coordinator;
			sourceTree = "<group>";
		};
		87063752248676B300D2EBF2 /* Extensions */ = {
			isa = PBXGroup;
			children = (
				870357DE2487A19C00005070 /* String+GithubURL.swift */,
				870357E22487CE8500005070 /* URL+queryParameters.swift */,
				876F21712488CD1400AD7180 /* UIImageview+round.swift */,
				874FA5C7248963A9002F96A9 /* String+commitsURLPath.swift */,
				870F4B26248AD03300425335 /* UINavigationController+isRecentlyLoggedIn.swift */,
			);
			path = Extensions;
			sourceTree = "<group>";
		};
		87063753248676C900D2EBF2 /* Model */ = {
			isa = PBXGroup;
			children = (
				60F3961D23E997E400AA2913 /* AccessTokenResponse.swift */,
				875FC09A24893BC2009B2FE1 /* GitRepo.swift */,
				87E903D72489782B0044DFEE /* Commit.swift */,
				870357E82487FEB600005070 /* User.swift */,
				878D4E04248A8C48003C4302 /* RepoViewModel.swift */,
				878D4E08248AC91D003C4302 /* Secrets.swift */,
			);
			path = Model;
			sourceTree = "<group>";
		};
		87063754248676D300D2EBF2 /* View */ = {
			isa = PBXGroup;
			children = (
				87437F8D2488D88400733C20 /* Search */,
				874FA5CB2489653C002F96A9 /* CommitsView.swift */,
				870D8A57248809530028E806 /* UserView.swift */,
				608D18E423E091DB00BFE7C7 /* Main.storyboard */,
			);
			path = View;
			sourceTree = "<group>";
		};
		87063755248676DC00D2EBF2 /* Controller */ = {
			isa = PBXGroup;
			children = (
				876E6E1C248A19680098FCFC /* Commits */,
				87B95C89248698A30053C5C9 /* LoginController.swift */,
				870357EC2488053D00005070 /* UserController.swift */,
				876F21732488D0B600AD7180 /* SearchController.swift */,
			);
			path = Controller;
			sourceTree = "<group>";
		};
		87063756248676EE00D2EBF2 /* Resources */ = {
			isa = PBXGroup;
			children = (
				876E6E1A248A0DD60098FCFC /* GitRepo.json */,
				876E6E1F248A1DF70098FCFC /* Commits.json */,
				608D18E723E091DC00BFE7C7 /* Assets.xcassets */,
				608D18E923E091DC00BFE7C7 /* LaunchScreen.storyboard */,
				608D18EC23E091DC00BFE7C7 /* Info.plist */,
				878D4E06248AC37A003C4302 /* Secrets.plist */,
			);
			path = Resources;
			sourceTree = "<group>";
		};
		87437F8D2488D88400733C20 /* Search */ = {
			isa = PBXGroup;
			children = (
				876F21752488D1AB00AD7180 /* SearchView.swift */,
				87437F8B2488D87A00733C20 /* RepoTableviewCell.swift */,
			);
			path = Search;
			sourceTree = "<group>";
		};
		875FC09C24893D68009B2FE1 /* ViewModel */ = {
			isa = PBXGroup;
			children = (
				875FC09D24893DAB009B2FE1 /* ReposViewModel.swift */,
			);
			path = ViewModel;
			sourceTree = "<group>";
		};
		876E6E1C248A19680098FCFC /* Commits */ = {
			isa = PBXGroup;
			children = (
				874FA5C92489652D002F96A9 /* CommitsController.swift */,
				876E6E1D248A197E0098FCFC /* CommitsTableViewDataSource.swift */,
			);
			path = Commits;
			sourceTree = "<group>";
		};
		87BC1D3A248768F300AA8760 /* Network */ = {
			isa = PBXGroup;
			children = (
				87BC1D3B2487692900AA8760 /* GithubService.swift */,
				870357E42487D08A00005070 /* ServerError.swift */,
			);
			path = Network;
			sourceTree = "<group>";
		};
/* End PBXGroup section */

/* Begin PBXNativeTarget section */
		608D18DA23E091DB00BFE7C7 /* iOS-Challenge */ = {
			isa = PBXNativeTarget;
			buildConfigurationList = 608D190523E091DC00BFE7C7 /* Build configuration list for PBXNativeTarget "iOS-Challenge" */;
			buildPhases = (
				5949AD735CFB6B340CC077D6 /* [CP] Check Pods Manifest.lock */,
				608D18D723E091DB00BFE7C7 /* Sources */,
				608D18D823E091DB00BFE7C7 /* Frameworks */,
				608D18D923E091DB00BFE7C7 /* Resources */,
				71F928AA3AE1B76BA4145BAA /* [CP] Embed Pods Frameworks */,
			);
			buildRules = (
			);
			dependencies = (
			);
			name = "iOS-Challenge";
			productName = "iOS-Challenge";
			productReference = 608D18DB23E091DB00BFE7C7 /* iOS-Challenge.app */;
			productType = "com.apple.product-type.application";
		};
		608D18F023E091DC00BFE7C7 /* iOS-ChallengeTests */ = {
			isa = PBXNativeTarget;
			buildConfigurationList = 608D190823E091DC00BFE7C7 /* Build configuration list for PBXNativeTarget "iOS-ChallengeTests" */;
			buildPhases = (
				5AC36A100C80C4844BE7C7C8 /* [CP] Check Pods Manifest.lock */,
				608D18ED23E091DC00BFE7C7 /* Sources */,
				608D18EE23E091DC00BFE7C7 /* Frameworks */,
				608D18EF23E091DC00BFE7C7 /* Resources */,
				00B45558DC65CA21551AF9B5 /* [CP] Embed Pods Frameworks */,
			);
			buildRules = (
			);
			dependencies = (
				608D18F323E091DC00BFE7C7 /* PBXTargetDependency */,
			);
			name = "iOS-ChallengeTests";
			productName = "iOS-ChallengeTests";
			productReference = 608D18F123E091DC00BFE7C7 /* iOS-ChallengeTests.xctest */;
			productType = "com.apple.product-type.bundle.unit-test";
		};
		608D18FB23E091DC00BFE7C7 /* iOS-ChallengeUITests */ = {
			isa = PBXNativeTarget;
			buildConfigurationList = 608D190B23E091DC00BFE7C7 /* Build configuration list for PBXNativeTarget "iOS-ChallengeUITests" */;
			buildPhases = (
				682A587E3EE8BD9FA073F963 /* [CP] Check Pods Manifest.lock */,
				608D18F823E091DC00BFE7C7 /* Sources */,
				608D18F923E091DC00BFE7C7 /* Frameworks */,
				608D18FA23E091DC00BFE7C7 /* Resources */,
				37EA1047DA39211C6E26547B /* [CP] Embed Pods Frameworks */,
			);
			buildRules = (
			);
			dependencies = (
				608D18FE23E091DC00BFE7C7 /* PBXTargetDependency */,
			);
			name = "iOS-ChallengeUITests";
			productName = "iOS-ChallengeUITests";
			productReference = 608D18FC23E091DC00BFE7C7 /* iOS-ChallengeUITests.xctest */;
			productType = "com.apple.product-type.bundle.ui-testing";
		};
/* End PBXNativeTarget section */

/* Begin PBXProject section */
		608D18D323E091DB00BFE7C7 /* Project object */ = {
			isa = PBXProject;
			attributes = {
				LastSwiftUpdateCheck = 1100;
				LastUpgradeCheck = 1100;
				ORGANIZATIONNAME = "Farshad Mousalou";
				TargetAttributes = {
					608D18DA23E091DB00BFE7C7 = {
						CreatedOnToolsVersion = 11.0;
					};
					608D18F023E091DC00BFE7C7 = {
						CreatedOnToolsVersion = 11.0;
						TestTargetID = 608D18DA23E091DB00BFE7C7;
					};
					608D18FB23E091DC00BFE7C7 = {
						CreatedOnToolsVersion = 11.0;
						TestTargetID = 608D18DA23E091DB00BFE7C7;
					};
				};
			};
			buildConfigurationList = 608D18D623E091DB00BFE7C7 /* Build configuration list for PBXProject "iOS-Challenge" */;
			compatibilityVersion = "Xcode 9.3";
			developmentRegion = en;
			hasScannedForEncodings = 0;
			knownRegions = (
				en,
				Base,
			);
			mainGroup = 608D18D223E091DB00BFE7C7;
			productRefGroup = 608D18DC23E091DB00BFE7C7 /* Products */;
			projectDirPath = "";
			projectRoot = "";
			targets = (
				608D18DA23E091DB00BFE7C7 /* iOS-Challenge */,
				608D18F023E091DC00BFE7C7 /* iOS-ChallengeTests */,
				608D18FB23E091DC00BFE7C7 /* iOS-ChallengeUITests */,
			);
		};
/* End PBXProject section */

/* Begin PBXResourcesBuildPhase section */
		608D18D923E091DB00BFE7C7 /* Resources */ = {
			isa = PBXResourcesBuildPhase;
			buildActionMask = 2147483647;
			files = (
				608D18EB23E091DC00BFE7C7 /* LaunchScreen.storyboard in Resources */,
				876E6E20248A1DF70098FCFC /* Commits.json in Resources */,
				608D18E823E091DC00BFE7C7 /* Assets.xcassets in Resources */,
				876E6E1B248A0DD60098FCFC /* GitRepo.json in Resources */,
				878D4E07248AC37A003C4302 /* Secrets.plist in Resources */,
				608D18E623E091DB00BFE7C7 /* Main.storyboard in Resources */,
			);
			runOnlyForDeploymentPostprocessing = 0;
		};
		608D18EF23E091DC00BFE7C7 /* Resources */ = {
			isa = PBXResourcesBuildPhase;
			buildActionMask = 2147483647;
			files = (
			);
			runOnlyForDeploymentPostprocessing = 0;
		};
		608D18FA23E091DC00BFE7C7 /* Resources */ = {
			isa = PBXResourcesBuildPhase;
			buildActionMask = 2147483647;
			files = (
			);
			runOnlyForDeploymentPostprocessing = 0;
		};
/* End PBXResourcesBuildPhase section */

/* Begin PBXShellScriptBuildPhase section */
		00B45558DC65CA21551AF9B5 /* [CP] Embed Pods Frameworks */ = {
			isa = PBXShellScriptBuildPhase;
			buildActionMask = 2147483647;
			files = (
			);
			inputFileListPaths = (
				"${PODS_ROOT}/Target Support Files/Pods-iOS-ChallengeTests/Pods-iOS-ChallengeTests-frameworks-${CONFIGURATION}-input-files.xcfilelist",
			);
			name = "[CP] Embed Pods Frameworks";
			outputFileListPaths = (
				"${PODS_ROOT}/Target Support Files/Pods-iOS-ChallengeTests/Pods-iOS-ChallengeTests-frameworks-${CONFIGURATION}-output-files.xcfilelist",
			);
			runOnlyForDeploymentPostprocessing = 0;
			shellPath = /bin/sh;
			shellScript = "\"${PODS_ROOT}/Target Support Files/Pods-iOS-ChallengeTests/Pods-iOS-ChallengeTests-frameworks.sh\"\n";
			showEnvVarsInLog = 0;
		};
		37EA1047DA39211C6E26547B /* [CP] Embed Pods Frameworks */ = {
			isa = PBXShellScriptBuildPhase;
			buildActionMask = 2147483647;
			files = (
			);
			inputFileListPaths = (
				"${PODS_ROOT}/Target Support Files/Pods-iOS-Challenge-iOS-ChallengeUITests/Pods-iOS-Challenge-iOS-ChallengeUITests-frameworks-${CONFIGURATION}-input-files.xcfilelist",
			);
			name = "[CP] Embed Pods Frameworks";
			outputFileListPaths = (
				"${PODS_ROOT}/Target Support Files/Pods-iOS-Challenge-iOS-ChallengeUITests/Pods-iOS-Challenge-iOS-ChallengeUITests-frameworks-${CONFIGURATION}-output-files.xcfilelist",
			);
			runOnlyForDeploymentPostprocessing = 0;
			shellPath = /bin/sh;
			shellScript = "\"${PODS_ROOT}/Target Support Files/Pods-iOS-Challenge-iOS-ChallengeUITests/Pods-iOS-Challenge-iOS-ChallengeUITests-frameworks.sh\"\n";
			showEnvVarsInLog = 0;
		};
		5949AD735CFB6B340CC077D6 /* [CP] Check Pods Manifest.lock */ = {
			isa = PBXShellScriptBuildPhase;
			buildActionMask = 2147483647;
			files = (
			);
			inputFileListPaths = (
			);
			inputPaths = (
				"${PODS_PODFILE_DIR_PATH}/Podfile.lock",
				"${PODS_ROOT}/Manifest.lock",
			);
			name = "[CP] Check Pods Manifest.lock";
			outputFileListPaths = (
			);
			outputPaths = (
				"$(DERIVED_FILE_DIR)/Pods-iOS-Challenge-checkManifestLockResult.txt",
			);
			runOnlyForDeploymentPostprocessing = 0;
			shellPath = /bin/sh;
			shellScript = "diff \"${PODS_PODFILE_DIR_PATH}/Podfile.lock\" \"${PODS_ROOT}/Manifest.lock\" > /dev/null\nif [ $? != 0 ] ; then\n    # print error to STDERR\n    echo \"error: The sandbox is not in sync with the Podfile.lock. Run 'pod install' or update your CocoaPods installation.\" >&2\n    exit 1\nfi\n# This output is used by Xcode 'outputs' to avoid re-running this script phase.\necho \"SUCCESS\" > \"${SCRIPT_OUTPUT_FILE_0}\"\n";
			showEnvVarsInLog = 0;
		};
		5AC36A100C80C4844BE7C7C8 /* [CP] Check Pods Manifest.lock */ = {
			isa = PBXShellScriptBuildPhase;
			buildActionMask = 2147483647;
			files = (
			);
			inputFileListPaths = (
			);
			inputPaths = (
				"${PODS_PODFILE_DIR_PATH}/Podfile.lock",
				"${PODS_ROOT}/Manifest.lock",
			);
			name = "[CP] Check Pods Manifest.lock";
			outputFileListPaths = (
			);
			outputPaths = (
				"$(DERIVED_FILE_DIR)/Pods-iOS-ChallengeTests-checkManifestLockResult.txt",
			);
			runOnlyForDeploymentPostprocessing = 0;
			shellPath = /bin/sh;
			shellScript = "diff \"${PODS_PODFILE_DIR_PATH}/Podfile.lock\" \"${PODS_ROOT}/Manifest.lock\" > /dev/null\nif [ $? != 0 ] ; then\n    # print error to STDERR\n    echo \"error: The sandbox is not in sync with the Podfile.lock. Run 'pod install' or update your CocoaPods installation.\" >&2\n    exit 1\nfi\n# This output is used by Xcode 'outputs' to avoid re-running this script phase.\necho \"SUCCESS\" > \"${SCRIPT_OUTPUT_FILE_0}\"\n";
			showEnvVarsInLog = 0;
		};
		682A587E3EE8BD9FA073F963 /* [CP] Check Pods Manifest.lock */ = {
			isa = PBXShellScriptBuildPhase;
			buildActionMask = 2147483647;
			files = (
			);
			inputFileListPaths = (
			);
			inputPaths = (
				"${PODS_PODFILE_DIR_PATH}/Podfile.lock",
				"${PODS_ROOT}/Manifest.lock",
			);
			name = "[CP] Check Pods Manifest.lock";
			outputFileListPaths = (
			);
			outputPaths = (
				"$(DERIVED_FILE_DIR)/Pods-iOS-Challenge-iOS-ChallengeUITests-checkManifestLockResult.txt",
			);
			runOnlyForDeploymentPostprocessing = 0;
			shellPath = /bin/sh;
			shellScript = "diff \"${PODS_PODFILE_DIR_PATH}/Podfile.lock\" \"${PODS_ROOT}/Manifest.lock\" > /dev/null\nif [ $? != 0 ] ; then\n    # print error to STDERR\n    echo \"error: The sandbox is not in sync with the Podfile.lock. Run 'pod install' or update your CocoaPods installation.\" >&2\n    exit 1\nfi\n# This output is used by Xcode 'outputs' to avoid re-running this script phase.\necho \"SUCCESS\" > \"${SCRIPT_OUTPUT_FILE_0}\"\n";
			showEnvVarsInLog = 0;
		};
		71F928AA3AE1B76BA4145BAA /* [CP] Embed Pods Frameworks */ = {
			isa = PBXShellScriptBuildPhase;
			buildActionMask = 2147483647;
			files = (
			);
			inputFileListPaths = (
				"${PODS_ROOT}/Target Support Files/Pods-iOS-Challenge/Pods-iOS-Challenge-frameworks-${CONFIGURATION}-input-files.xcfilelist",
			);
			name = "[CP] Embed Pods Frameworks";
			outputFileListPaths = (
				"${PODS_ROOT}/Target Support Files/Pods-iOS-Challenge/Pods-iOS-Challenge-frameworks-${CONFIGURATION}-output-files.xcfilelist",
			);
			runOnlyForDeploymentPostprocessing = 0;
			shellPath = /bin/sh;
			shellScript = "\"${PODS_ROOT}/Target Support Files/Pods-iOS-Challenge/Pods-iOS-Challenge-frameworks.sh\"\n";
			showEnvVarsInLog = 0;
		};
/* End PBXShellScriptBuildPhase section */

/* Begin PBXSourcesBuildPhase section */
		608D18D723E091DB00BFE7C7 /* Sources */ = {
			isa = PBXSourcesBuildPhase;
			buildActionMask = 2147483647;
			files = (
				874FA5C8248963A9002F96A9 /* String+commitsURLPath.swift in Sources */,
				878D4E03248A8BBB003C4302 /* Typealias.swift in Sources */,
				875FC09E24893DAB009B2FE1 /* ReposViewModel.swift in Sources */,
				870357E72487D23400005070 /* Toast.swift in Sources */,
				876F21762488D1AB00AD7180 /* SearchView.swift in Sources */,
				876E6E1E248A197E0098FCFC /* CommitsTableViewDataSource.swift in Sources */,
				870F4B27248AD03300425335 /* UINavigationController+isRecentlyLoggedIn.swift in Sources */,
				870357D42487725D00005070 /* KeychainAPI.swift in Sources */,
				870357DB248789EC00005070 /* MainCoordinator.swift in Sources */,
				876F21722488CD1400AD7180 /* UIImageview+round.swift in Sources */,
				875FC09B24893BC2009B2FE1 /* GitRepo.swift in Sources */,
				870D8A58248809530028E806 /* UserView.swift in Sources */,
				870357DF2487A19C00005070 /* String+GithubURL.swift in Sources */,
				876F21742488D0B600AD7180 /* SearchController.swift in Sources */,
				87B95C8A248698A30053C5C9 /* LoginController.swift in Sources */,
				874FA5CC2489653C002F96A9 /* CommitsView.swift in Sources */,
				870357E92487FEB600005070 /* User.swift in Sources */,
				878D4E05248A8C48003C4302 /* RepoViewModel.swift in Sources */,
				870357E52487D08A00005070 /* ServerError.swift in Sources */,
				87E903D82489782B0044DFEE /* Commit.swift in Sources */,
				608D18DF23E091DB00BFE7C7 /* AppDelegate.swift in Sources */,
				870357DD24878A7000005070 /* Storyboarded.swift in Sources */,
				878D4E09248AC91D003C4302 /* Secrets.swift in Sources */,
				87BC1D3C2487692900AA8760 /* GithubService.swift in Sources */,
				874FA5CA2489652D002F96A9 /* CommitsController.swift in Sources */,
				87437F8C2488D87A00733C20 /* RepoTableviewCell.swift in Sources */,
				870357E32487CE8500005070 /* URL+queryParameters.swift in Sources */,
				870357ED2488053D00005070 /* UserController.swift in Sources */,
				60F3961E23E997E400AA2913 /* AccessTokenResponse.swift in Sources */,
				870357D9248789C100005070 /* Coordinator.swift in Sources */,
			);
			runOnlyForDeploymentPostprocessing = 0;
		};
		608D18ED23E091DC00BFE7C7 /* Sources */ = {
			isa = PBXSourcesBuildPhase;
			buildActionMask = 2147483647;
			files = (
				608D18F623E091DC00BFE7C7 /* iOS_ChallengeTests.swift in Sources */,
				876E6E24248A24750098FCFC /* CommitsDataSourceTest.swift in Sources */,
			);
			runOnlyForDeploymentPostprocessing = 0;
		};
		608D18F823E091DC00BFE7C7 /* Sources */ = {
			isa = PBXSourcesBuildPhase;
			buildActionMask = 2147483647;
			files = (
				608D190123E091DC00BFE7C7 /* iOS_ChallengeUITests.swift in Sources */,
			);
			runOnlyForDeploymentPostprocessing = 0;
		};
/* End PBXSourcesBuildPhase section */

/* Begin PBXTargetDependency section */
		608D18F323E091DC00BFE7C7 /* PBXTargetDependency */ = {
			isa = PBXTargetDependency;
			target = 608D18DA23E091DB00BFE7C7 /* iOS-Challenge */;
			targetProxy = 608D18F223E091DC00BFE7C7 /* PBXContainerItemProxy */;
		};
		608D18FE23E091DC00BFE7C7 /* PBXTargetDependency */ = {
			isa = PBXTargetDependency;
			target = 608D18DA23E091DB00BFE7C7 /* iOS-Challenge */;
			targetProxy = 608D18FD23E091DC00BFE7C7 /* PBXContainerItemProxy */;
		};
/* End PBXTargetDependency section */

/* Begin PBXVariantGroup section */
		608D18E423E091DB00BFE7C7 /* Main.storyboard */ = {
			isa = PBXVariantGroup;
			children = (
				608D18E523E091DB00BFE7C7 /* Base */,
			);
			name = Main.storyboard;
			sourceTree = "<group>";
		};
		608D18E923E091DC00BFE7C7 /* LaunchScreen.storyboard */ = {
			isa = PBXVariantGroup;
			children = (
				608D18EA23E091DC00BFE7C7 /* Base */,
			);
			name = LaunchScreen.storyboard;
			sourceTree = "<group>";
		};
/* End PBXVariantGroup section */

/* Begin XCBuildConfiguration section */
		608D190323E091DC00BFE7C7 /* Debug */ = {
			isa = XCBuildConfiguration;
			buildSettings = {
				ALWAYS_SEARCH_USER_PATHS = NO;
				CLANG_ANALYZER_NONNULL = YES;
				CLANG_ANALYZER_NUMBER_OBJECT_CONVERSION = YES_AGGRESSIVE;
				CLANG_CXX_LANGUAGE_STANDARD = "gnu++14";
				CLANG_CXX_LIBRARY = "libc++";
				CLANG_ENABLE_MODULES = YES;
				CLANG_ENABLE_OBJC_ARC = YES;
				CLANG_ENABLE_OBJC_WEAK = YES;
				CLANG_WARN_BLOCK_CAPTURE_AUTORELEASING = YES;
				CLANG_WARN_BOOL_CONVERSION = YES;
				CLANG_WARN_COMMA = YES;
				CLANG_WARN_CONSTANT_CONVERSION = YES;
				CLANG_WARN_DEPRECATED_OBJC_IMPLEMENTATIONS = YES;
				CLANG_WARN_DIRECT_OBJC_ISA_USAGE = YES_ERROR;
				CLANG_WARN_DOCUMENTATION_COMMENTS = YES;
				CLANG_WARN_EMPTY_BODY = YES;
				CLANG_WARN_ENUM_CONVERSION = YES;
				CLANG_WARN_INFINITE_RECURSION = YES;
				CLANG_WARN_INT_CONVERSION = YES;
				CLANG_WARN_NON_LITERAL_NULL_CONVERSION = YES;
				CLANG_WARN_OBJC_IMPLICIT_RETAIN_SELF = YES;
				CLANG_WARN_OBJC_LITERAL_CONVERSION = YES;
				CLANG_WARN_OBJC_ROOT_CLASS = YES_ERROR;
				CLANG_WARN_RANGE_LOOP_ANALYSIS = YES;
				CLANG_WARN_STRICT_PROTOTYPES = YES;
				CLANG_WARN_SUSPICIOUS_MOVE = YES;
				CLANG_WARN_UNGUARDED_AVAILABILITY = YES_AGGRESSIVE;
				CLANG_WARN_UNREACHABLE_CODE = YES;
				CLANG_WARN__DUPLICATE_METHOD_MATCH = YES;
				COPY_PHASE_STRIP = NO;
				DEBUG_INFORMATION_FORMAT = dwarf;
				ENABLE_STRICT_OBJC_MSGSEND = YES;
				ENABLE_TESTABILITY = YES;
				GCC_C_LANGUAGE_STANDARD = gnu11;
				GCC_DYNAMIC_NO_PIC = NO;
				GCC_NO_COMMON_BLOCKS = YES;
				GCC_OPTIMIZATION_LEVEL = 0;
				GCC_PREPROCESSOR_DEFINITIONS = (
					"DEBUG=1",
					"$(inherited)",
				);
				GCC_WARN_64_TO_32_BIT_CONVERSION = YES;
				GCC_WARN_ABOUT_RETURN_TYPE = YES_ERROR;
				GCC_WARN_UNDECLARED_SELECTOR = YES;
				GCC_WARN_UNINITIALIZED_AUTOS = YES_AGGRESSIVE;
				GCC_WARN_UNUSED_FUNCTION = YES;
				GCC_WARN_UNUSED_VARIABLE = YES;
				IPHONEOS_DEPLOYMENT_TARGET = 13.0;
				MTL_ENABLE_DEBUG_INFO = INCLUDE_SOURCE;
				MTL_FAST_MATH = YES;
				ONLY_ACTIVE_ARCH = YES;
				SDKROOT = iphoneos;
				SWIFT_ACTIVE_COMPILATION_CONDITIONS = DEBUG;
				SWIFT_OPTIMIZATION_LEVEL = "-Onone";
			};
			name = Debug;
		};
		608D190423E091DC00BFE7C7 /* Release */ = {
			isa = XCBuildConfiguration;
			buildSettings = {
				ALWAYS_SEARCH_USER_PATHS = NO;
				CLANG_ANALYZER_NONNULL = YES;
				CLANG_ANALYZER_NUMBER_OBJECT_CONVERSION = YES_AGGRESSIVE;
				CLANG_CXX_LANGUAGE_STANDARD = "gnu++14";
				CLANG_CXX_LIBRARY = "libc++";
				CLANG_ENABLE_MODULES = YES;
				CLANG_ENABLE_OBJC_ARC = YES;
				CLANG_ENABLE_OBJC_WEAK = YES;
				CLANG_WARN_BLOCK_CAPTURE_AUTORELEASING = YES;
				CLANG_WARN_BOOL_CONVERSION = YES;
				CLANG_WARN_COMMA = YES;
				CLANG_WARN_CONSTANT_CONVERSION = YES;
				CLANG_WARN_DEPRECATED_OBJC_IMPLEMENTATIONS = YES;
				CLANG_WARN_DIRECT_OBJC_ISA_USAGE = YES_ERROR;
				CLANG_WARN_DOCUMENTATION_COMMENTS = YES;
				CLANG_WARN_EMPTY_BODY = YES;
				CLANG_WARN_ENUM_CONVERSION = YES;
				CLANG_WARN_INFINITE_RECURSION = YES;
				CLANG_WARN_INT_CONVERSION = YES;
				CLANG_WARN_NON_LITERAL_NULL_CONVERSION = YES;
				CLANG_WARN_OBJC_IMPLICIT_RETAIN_SELF = YES;
				CLANG_WARN_OBJC_LITERAL_CONVERSION = YES;
				CLANG_WARN_OBJC_ROOT_CLASS = YES_ERROR;
				CLANG_WARN_RANGE_LOOP_ANALYSIS = YES;
				CLANG_WARN_STRICT_PROTOTYPES = YES;
				CLANG_WARN_SUSPICIOUS_MOVE = YES;
				CLANG_WARN_UNGUARDED_AVAILABILITY = YES_AGGRESSIVE;
				CLANG_WARN_UNREACHABLE_CODE = YES;
				CLANG_WARN__DUPLICATE_METHOD_MATCH = YES;
				COPY_PHASE_STRIP = NO;
				DEBUG_INFORMATION_FORMAT = "dwarf-with-dsym";
				ENABLE_NS_ASSERTIONS = NO;
				ENABLE_STRICT_OBJC_MSGSEND = YES;
				GCC_C_LANGUAGE_STANDARD = gnu11;
				GCC_NO_COMMON_BLOCKS = YES;
				GCC_WARN_64_TO_32_BIT_CONVERSION = YES;
				GCC_WARN_ABOUT_RETURN_TYPE = YES_ERROR;
				GCC_WARN_UNDECLARED_SELECTOR = YES;
				GCC_WARN_UNINITIALIZED_AUTOS = YES_AGGRESSIVE;
				GCC_WARN_UNUSED_FUNCTION = YES;
				GCC_WARN_UNUSED_VARIABLE = YES;
				IPHONEOS_DEPLOYMENT_TARGET = 13.0;
				MTL_ENABLE_DEBUG_INFO = NO;
				MTL_FAST_MATH = YES;
				SDKROOT = iphoneos;
				SWIFT_COMPILATION_MODE = wholemodule;
				SWIFT_OPTIMIZATION_LEVEL = "-O";
				VALIDATE_PRODUCT = YES;
			};
			name = Release;
		};
		608D190623E091DC00BFE7C7 /* Debug */ = {
			isa = XCBuildConfiguration;
			baseConfigurationReference = 32640477A986B4ACA98E6531 /* Pods-iOS-Challenge.debug.xcconfig */;
			buildSettings = {
				ALWAYS_EMBED_SWIFT_STANDARD_LIBRARIES = "$(inherited)";
				ASSETCATALOG_COMPILER_APPICON_NAME = AppIcon;
				CODE_SIGN_IDENTITY = "iPhone Developer";
				CODE_SIGN_STYLE = Automatic;
				DEVELOPMENT_TEAM = 5GB4GGS54M;
				INFOPLIST_FILE = "iOS-Challenge/Resources/Info.plist";
				IPHONEOS_DEPLOYMENT_TARGET = 10.0;
				LD_RUNPATH_SEARCH_PATHS = "$(inherited)";
				PRODUCT_BUNDLE_IDENTIFIER = "com.digipay.iOS-Challenge";
				PRODUCT_NAME = "$(TARGET_NAME)";
				PROVISIONING_PROFILE_SPECIFIER = "";
				SWIFT_VERSION = 5.0;
				TARGETED_DEVICE_FAMILY = "1,2";
			};
			name = Debug;
		};
		608D190723E091DC00BFE7C7 /* Release */ = {
			isa = XCBuildConfiguration;
			baseConfigurationReference = 18F8854AA95F36A189E9ACF4 /* Pods-iOS-Challenge.release.xcconfig */;
			buildSettings = {
				ALWAYS_EMBED_SWIFT_STANDARD_LIBRARIES = "$(inherited)";
				ASSETCATALOG_COMPILER_APPICON_NAME = AppIcon;
				CODE_SIGN_IDENTITY = "iPhone Developer";
				CODE_SIGN_STYLE = Automatic;
				DEVELOPMENT_TEAM = 5GB4GGS54M;
				INFOPLIST_FILE = "iOS-Challenge/Resources/Info.plist";
				IPHONEOS_DEPLOYMENT_TARGET = 10.0;
				LD_RUNPATH_SEARCH_PATHS = "$(inherited)";
				PRODUCT_BUNDLE_IDENTIFIER = "com.digipay.iOS-Challenge";
				PRODUCT_NAME = "$(TARGET_NAME)";
				PROVISIONING_PROFILE_SPECIFIER = "";
				SWIFT_VERSION = 5.0;
				TARGETED_DEVICE_FAMILY = "1,2";
			};
			name = Release;
		};
		608D190923E091DC00BFE7C7 /* Debug */ = {
			isa = XCBuildConfiguration;
			baseConfigurationReference = A20ECCE10E62D1B3C8C3F4FC /* Pods-iOS-ChallengeTests.debug.xcconfig */;
			buildSettings = {
				ALWAYS_EMBED_SWIFT_STANDARD_LIBRARIES = YES;
				BUNDLE_LOADER = "$(TEST_HOST)";
				CODE_SIGN_STYLE = Automatic;
				INFOPLIST_FILE = "iOS-ChallengeTests/Info.plist";
				IPHONEOS_DEPLOYMENT_TARGET = 13.0;
				LD_RUNPATH_SEARCH_PATHS = (
					"$(inherited)",
					"@executable_path/Frameworks",
					"@loader_path/Frameworks",
				);
				PRODUCT_BUNDLE_IDENTIFIER = "com.digipay.iOS-ChallengeTests";
				PRODUCT_NAME = "$(TARGET_NAME)";
				SWIFT_VERSION = 5.0;
				TARGETED_DEVICE_FAMILY = "1,2";
				TEST_HOST = "$(BUILT_PRODUCTS_DIR)/iOS-Challenge.app/iOS-Challenge";
			};
			name = Debug;
		};
		608D190A23E091DC00BFE7C7 /* Release */ = {
			isa = XCBuildConfiguration;
			baseConfigurationReference = 9D4D8E26B5FD8BCE799FD257 /* Pods-iOS-ChallengeTests.release.xcconfig */;
			buildSettings = {
				ALWAYS_EMBED_SWIFT_STANDARD_LIBRARIES = YES;
				BUNDLE_LOADER = "$(TEST_HOST)";
				CODE_SIGN_STYLE = Automatic;
				INFOPLIST_FILE = "iOS-ChallengeTests/Info.plist";
				IPHONEOS_DEPLOYMENT_TARGET = 13.0;
				LD_RUNPATH_SEARCH_PATHS = (
					"$(inherited)",
					"@executable_path/Frameworks",
					"@loader_path/Frameworks",
				);
				PRODUCT_BUNDLE_IDENTIFIER = "com.digipay.iOS-ChallengeTests";
				PRODUCT_NAME = "$(TARGET_NAME)";
				SWIFT_VERSION = 5.0;
				TARGETED_DEVICE_FAMILY = "1,2";
				TEST_HOST = "$(BUILT_PRODUCTS_DIR)/iOS-Challenge.app/iOS-Challenge";
			};
			name = Release;
		};
		608D190C23E091DC00BFE7C7 /* Debug */ = {
			isa = XCBuildConfiguration;
			baseConfigurationReference = A88C0E1BE5DD61B06165EC32 /* Pods-iOS-Challenge-iOS-ChallengeUITests.debug.xcconfig */;
			buildSettings = {
				ALWAYS_EMBED_SWIFT_STANDARD_LIBRARIES = YES;
				CODE_SIGN_STYLE = Automatic;
				INFOPLIST_FILE = "iOS-ChallengeUITests/Info.plist";
				LD_RUNPATH_SEARCH_PATHS = (
					"$(inherited)",
					"@executable_path/Frameworks",
					"@loader_path/Frameworks",
				);
				PRODUCT_BUNDLE_IDENTIFIER = "com.digipay.iOS-ChallengeUITests";
				PRODUCT_NAME = "$(TARGET_NAME)";
				SWIFT_VERSION = 5.0;
				TARGETED_DEVICE_FAMILY = "1,2";
				TEST_TARGET_NAME = "iOS-Challenge";
			};
			name = Debug;
		};
		608D190D23E091DC00BFE7C7 /* Release */ = {
			isa = XCBuildConfiguration;
			baseConfigurationReference = 29229A998F2288534FFDBA3C /* Pods-iOS-Challenge-iOS-ChallengeUITests.release.xcconfig */;
			buildSettings = {
				ALWAYS_EMBED_SWIFT_STANDARD_LIBRARIES = YES;
				CODE_SIGN_STYLE = Automatic;
				INFOPLIST_FILE = "iOS-ChallengeUITests/Info.plist";
				LD_RUNPATH_SEARCH_PATHS = (
					"$(inherited)",
					"@executable_path/Frameworks",
					"@loader_path/Frameworks",
				);
				PRODUCT_BUNDLE_IDENTIFIER = "com.digipay.iOS-ChallengeUITests";
				PRODUCT_NAME = "$(TARGET_NAME)";
				SWIFT_VERSION = 5.0;
				TARGETED_DEVICE_FAMILY = "1,2";
				TEST_TARGET_NAME = "iOS-Challenge";
			};
			name = Release;
		};
/* End XCBuildConfiguration section */

/* Begin XCConfigurationList section */
		608D18D623E091DB00BFE7C7 /* Build configuration list for PBXProject "iOS-Challenge" */ = {
			isa = XCConfigurationList;
			buildConfigurations = (
				608D190323E091DC00BFE7C7 /* Debug */,
				608D190423E091DC00BFE7C7 /* Release */,
			);
			defaultConfigurationIsVisible = 0;
			defaultConfigurationName = Release;
		};
		608D190523E091DC00BFE7C7 /* Build configuration list for PBXNativeTarget "iOS-Challenge" */ = {
			isa = XCConfigurationList;
			buildConfigurations = (
				608D190623E091DC00BFE7C7 /* Debug */,
				608D190723E091DC00BFE7C7 /* Release */,
			);
			defaultConfigurationIsVisible = 0;
			defaultConfigurationName = Release;
		};
		608D190823E091DC00BFE7C7 /* Build configuration list for PBXNativeTarget "iOS-ChallengeTests" */ = {
			isa = XCConfigurationList;
			buildConfigurations = (
				608D190923E091DC00BFE7C7 /* Debug */,
				608D190A23E091DC00BFE7C7 /* Release */,
			);
			defaultConfigurationIsVisible = 0;
			defaultConfigurationName = Release;
		};
		608D190B23E091DC00BFE7C7 /* Build configuration list for PBXNativeTarget "iOS-ChallengeUITests" */ = {
			isa = XCConfigurationList;
			buildConfigurations = (
				608D190C23E091DC00BFE7C7 /* Debug */,
				608D190D23E091DC00BFE7C7 /* Release */,
			);
			defaultConfigurationIsVisible = 0;
			defaultConfigurationName = Release;
		};
/* End XCConfigurationList section */
	};
	rootObject = 608D18D323E091DB00BFE7C7 /* Project object */;
}
